
Microsoft Visual Studio Solution File, Format Version 12.00
# Visual Studio Version 17
VisualStudioVersion = 17.1.32210.238
MinimumVisualStudioVersion = 10.0.40219.1
Project("{8BC9CEB8-8B4A-11D0-8D11-00A0C91BC942}") = "Lab_12_oop_4.2", "Lab_12_oop_4.2\Lab_12_oop_4.2.vcxproj", "{18DA1974-D572-4B24-A024-124F9027279F}"
EndProject
Project("{8BC9CEB8-8B4A-11D0-8D11-00A0C91BC942}") = "UnitTest", "UnitTest\UnitTest.vcxproj", "{7220DA53-0017-41E4-BC0D-B68A31462996}"
EndProject
Global
	GlobalSection(SolutionConfigurationPlatforms) = preSolution
		Debug|x64 = Debug|x64
		Debug|x86 = Debug|x86
		Release|x64 = Release|x64
		Release|x86 = Release|x86
	EndGlobalSection
	GlobalSection(ProjectConfigurationPlatforms) = postSolution
		{18DA1974-D572-4B24-A024-124F9027279F}.Debug|x64.ActiveCfg = Debug|x64
		{18DA1974-D572-4B24-A024-124F9027279F}.Debug|x64.Build.0 = Debug|x64
		{18DA1974-D572-4B24-A024-124F9027279F}.Debug|x86.ActiveCfg = Debug|Win32
		{18DA1974-D572-4B24-A024-124F9027279F}.Debug|x86.Build.0 = Debug|Win32
		{18DA1974-D572-4B24-A024-124F9027279F}.Release|x64.ActiveCfg = Release|x64
		{18DA1974-D572-4B24-A024-124F9027279F}.Release|x64.Build.0 = Release|x64
		{18DA1974-D572-4B24-A024-124F9027279F}.Release|x86.ActiveCfg = Release|Win32
		{18DA1974-D572-4B24-A024-124F9027279F}.Release|x86.Build.0 = Release|Win32
		{7220DA53-0017-41E4-BC0D-B68A31462996}.Debug|x64.ActiveCfg = Debug|x64
		{7220DA53-0017-41E4-BC0D-B68A31462996}.Debug|x64.Build.0 = Debug|x64
		{7220DA53-0017-41E4-BC0D-B68A31462996}.Debug|x86.ActiveCfg = Debug|Win32
		{7220DA53-0017-41E4-BC0D-B68A31462996}.Debug|x86.Build.0 = Debug|Win32
		{7220DA53-0017-41E4-BC0D-B68A31462996}.Release|x64.ActiveCfg = Release|x64
		{7220DA53-0017-41E4-BC0D-B68A31462996}.Release|x64.Build.0 = Release|x64
		{7220DA53-0017-41E4-BC0D-B68A31462996}.Release|x86.ActiveCfg = Release|Win32
		{7220DA53-0017-41E4-BC0D-B68A31462996}.Release|x86.Build.0 = Release|Win32
	EndGlobalSection
	GlobalSection(SolutionProperties) = preSolution
		HideSolutionNode = FALSE
	EndGlobalSection
	GlobalSection(ExtensibilityGlobals) = postSolution
		SolutionGuid = {C12D07FC-9493-4340-816A-11EE87F7A953}
	EndGlobalSection
EndGlobal
